github.com/BurntSushi/toml v0.3.1/go.mod h1:xHWCNGjB5oqiDr8zfno3MHue2Ht5sIBksp03qcyfWMU=
github.com/BurntSushi/toml v1.2.0 h1:Rt8g24XnyGTyglgET/PRUNlrUeu9F5L+7FilkXfZgs0=
github.com/BurntSushi/toml v1.2.0/go.mod h1:CxXYINrC8qIiEnFrOxCa7Jy5BFHlXnUU2pbicEuybxQ=
github.com/aws/aws-lambda-go v1.34.1 h1:M3a/uFYBjii+tDcOJ0wL/WyFi2550FHoECdPf27zvOs=
github.com/aws/aws-lambda-go v1.34.1/go.mod h1:jwFe2KmMsHmffA1X2R09hH6lFzJQxzI8qK17ewzbQMM=
github.com/aws/aws-sdk-go-v2 v1.16.13/go.mod h1:xSyvSnzh0KLs5H4HJGeIEsNYemUWdNIl0b/rP6SIsLU=
github.com/aws/aws-sdk-go-v2 v1.17.1 h1:02c72fDJr87N8RAC2s3Qu0YuvMRZKNZJ9F+lAehCazk=
github.com/aws/aws-sdk-go-v2 v1.17.1/go.mod h1:JLnGeGONAyi2lWXI1p0PCIOIy333JMVK1U7Hf0aRFLw=
github.com/aws/aws-sdk-go-v2/aws/protocol/eventstream v1.4.6 h1:PPefqpze5qW/eqdgK5RqtOTQi5GhXpSxitbGqImAQ1I=
github.com/aws/aws-sdk-go-v2/aws/protocol/eventstream v1.4.6/go.mod h1:bcLsAUI2iDC8zC52XQvczR/zpaC1q/wP32p3wwvqGVo=
github.com/aws/aws-sdk-go-v2/config v1.17.4/go.mod h1:ul+ru+huVpfduF9XRmGUq82T8T3K+nIFQuF6F+L+548=
github.com/aws/aws-sdk-go-v2/config v1.18.0 h1:ULASZmfhKR/QE9UeZ7mzYjUzsnIydy/K1YMT6uH1KC0=
github.com/aws/aws-sdk-go-v2/config v1.18.0/go.mod h1:H13DRX9Nv5tAcQvPABrE3dm5XnLp1RC7fVSM3OWiLvA=
github.com/aws/aws-sdk-go-v2/credentials v1.12.17/go.mod h1:jd1mvJulXY7ccHvcSiJceYhv06yWIIRkJnwWEA4IX+g=
github.com/aws/aws-sdk-go-v2/credentials v1.13.0 h1:W5f73j1qurASap+jdScUo4aGzSXxaC7wq1i7CiwhvU8=
github.com/aws/aws-sdk-go-v2/credentials v1.13.0/go.mod h1:prZpUfBu1KZLBLVX482Sq4DpDXGugAre08TPEc21GUg=
github.com/aws/aws-sdk-go-v2/feature/ec2/imds v1.12.14/go.mod h1:5CU57SyF5jZLSIw4OOll0PG83ThXwNdkRFOc0EltD/0=
github.com/aws/aws-sdk-go-v2/feature/ec2/imds v1.12.19 h1:E3PXZSI3F2bzyj6XxUXdTIfvp425HHhwKsFvmzBwHgs=
github.com/aws/aws-sdk-go-v2/feature/ec2/imds v1.12.19/go.mod h1:VihW95zQpeKQWVPGkwT+2+WJNQV8UXFfMTWdU6VErL8=
github.com/aws/aws-sdk-go-v2/feature/s3/manager v1.11.30 h1:Rtd+R7uWtQg5+bZ72x1g1ENjQykhFKnayo6Lv/QpxFU=
github.com/aws/aws-sdk-go-v2/feature/s3/manager v1.11.30/go.mod h1:Fbi0PULkPycJg44P9rwhQUGknk8Fl6DUTXcCaSZ6FeI=
github.com/aws/aws-sdk-go-v2/internal/configsources v1.1.20/go.mod h1:gdZ5gRUaxThXIZyZQ8MTtgYBk2jbHgp05BO3GcD9Cwc=
github.com/aws/aws-sdk-go-v2/internal/configsources v1.1.25 h1:nBO/RFxeq/IS5G9Of+ZrgucRciie2qpLy++3UGZ+q2E=
github.com/aws/aws-sdk-go-v2/internal/configsources v1.1.25/go.mod h1:Zb29PYkf42vVYQY6pvSyJCJcFHlPIiY+YKdPtwnvMkY=
github.com/aws/aws-sdk-go-v2/internal/endpoints/v2 v2.4.14/go.mod h1:GEV9jaDPIgayiU+uevxwozcvUOjc+P4aHE2BeSjm2vE=
github.com/aws/aws-sdk-go-v2/internal/endpoints/v2 v2.4.19 h1:oRHDrwCTVT8ZXi4sr9Ld+EXk7N/KGssOr2ygNeojEhw=
github.com/aws/aws-sdk-go-v2/internal/endpoints/v2 v2.4.19/go.mod h1:6Q0546uHDp421okhmmGfbxzq2hBqbXFNpi4k+Q1JnQA=
github.com/aws/aws-sdk-go-v2/internal/ini v1.3.21/go.mod h1:Q0pktZjvRZk77TBto6yAvUAi7fcse1bdcMctBDVGgBw=
github.com/aws/aws-sdk-go-v2/internal/ini v1.3.26 h1:Mza+vlnZr+fPKFKRq/lKGVvM6B/8ZZmNdEopOwSQLms=
github.com/aws/aws-sdk-go-v2/internal/ini v1.3.26/go.mod h1:Y2OJ+P+MC1u1VKnavT+PshiEuGPyh/7DqxoDNij4/bg=
github.com/aws/aws-sdk-go-v2/internal/v4a v1.0.11 h1:zFriLANEIFWl/TQvPqhRASnU8Xr9fzshPL0OY7e1DpM=
github.com/aws/aws-sdk-go-v2/internal/v4a v1.0.11/go.mod h1:EAtoA46xWR2I0fROMCsb0lgC4kYfgaK9EBrCv9hIHYM=
github.com/aws/aws-sdk-go-v2/service/internal/accept-encoding v1.9.7 h1:f0l2kujaZ0UyqwfKdtPaYQs8vzFmLbtPhWDNYeEY4ho=
github.com/aws/aws-sdk-go-v2/service/internal/accept-encoding v1.9.7/go.mod h1:aGaU7sKr91r4yZCi+4fWpsDepAzy8A6u/1enpD3K6mM=
github.com/aws/aws-sdk-go-v2/service/internal/checksum v1.1.15 h1:xw0EMeNfAdmiFX3Ix9OOdqW/S2GPeV3WAYKHr2qR/W4=
github.com/aws/aws-sdk-go-v2/service/internal/checksum v1.1.15/go.mod h1:SvmZIJp6fx7Yua+4hhigLm5kVRDWo56Cj+j8FvVl6M8=
github.com/aws/aws-sdk-go-v2/service/internal/presigned-url v1.9.14/go.mod h1:8qOLjqMzY/S1kh3myDXA1yxK5eD4uN8aOJgKpgvc4OM=
github.com/aws/aws-sdk-go-v2/service/internal/presigned-url v1.9.19 h1:GE25AWCdNUPh9AOJzI9KIJnja7IwUc1WyUqz/JTyJ/I=
github.com/aws/aws-sdk-go-v2/service/internal/presigned-url v1.9.19/go.mod h1:02CP6iuYP+IVnBX5HULVdSAku/85eHB2Y9EsFhrkEwU=
github.com/aws/aws-sdk-go-v2/service/internal/s3shared v1.13.14 h1:sGFyMilgKmgg8TsGMUXApIvIrbc9SZs2sFrbdugL21c=
github.com/aws/aws-sdk-go-v2/service/internal/s3shared v1.13.14/go.mod h1:QWqlQbLB0GYO6hDDUwPKr2VKr7C6lpCdOzs92IVYQmk=
github.com/aws/aws-sdk-go-v2/service/redshift v1.26.7 h1:ZcKfXp8TaF2tIPokg1zwXSdExvBj5uY974oE515jvE4=
github.com/aws/aws-sdk-go-v2/service/redshift v1.26.7/go.mod h1:Y1KwXk8Pdg6mY/zFKAgnCp+tv9OvGcQFPPzPZCTXW7E=
github.com/aws/aws-sdk-go-v2/service/redshiftdata v1.16.13 h1:hVrup9EZ/QgcSn6viaHnNTGvr+F82fUekDrvmtoKIPQ=
github.com/aws/aws-sdk-go-v2/service/redshiftdata v1.16.13/go.mod h1:7f6XcpJ1hH7ai5yby7gE03CaIXqGvlaWGilNnE/wzpc=
github.com/aws/aws-sdk-go-v2/service/s3 v1.27.8 h1:zYpocIndjdPRURWkq/Rschy8WpC+vL0f74z+lJhEpJk=
github.com/aws/aws-sdk-go-v2/service/s3 v1.27.8/go.mod h1:aljgUlqAplymnhQNEcyx/fjUmQtOXCsS6Ry+ySpCcA8=
github.com/aws/aws-sdk-go-v2/service/sqs v1.19.7 h1:7Ui029eK+i+6JILQXUYG6lzRdWUq8pbbJvkegFR6Soc=
github.com/aws/aws-sdk-go-v2/service/sqs v1.19.7/go.mod h1:vMdSMmI0ajtCjxN4pTocddojOpPSQWBH6L0VsuQbLyQ=
github.com/aws/aws-sdk-go-v2/service/sso v1.11.20/go.mod h1:hPsROgDdgY/NQ1gPt7VJWG0GjSnalDC0DkkMfGEw2gc=
github.com/aws/aws-sdk-go-v2/service/sso v1.11.25 h1:GFZitO48N/7EsFDt8fMa5iYdmWqkUDDB3Eje6z3kbG0=
github.com/aws/aws-sdk-go-v2/service/sso v1.11.25/go.mod h1:IARHuzTXmj1C0KS35vboR0FeJ89OkEy1M9mWbK2ifCI=
github.com/aws/aws-sdk-go-v2/service/ssooidc v1.13.2/go.mod h1:5cxfDYtY2mDOlmesy4yycb6lwyy1U/iAUOHKhQLKw/E=
github.com/aws/aws-sdk-go-v2/service/ssooidc v1.13.8 h1:jcw6kKZrtNfBPJkaHrscDOZoe5gvi9wjudnxvozYFJo=
github.com/aws/aws-sdk-go-v2/service/ssooidc v1.13.8/go.mod h1:er2JHN+kBY6FcMfcBBKNGCT3CarImmdFzishsqBmSRI=
github.com/aws/aws-sdk-go-v2/service/sts v1.16.16/go.mod h1:Y9iBgT1w2vHtYzJEkwD6FqILjDSsvbxcW/+wIYxyse4=
github.com/aws/aws-sdk-go-v2/service/sts v1.17.2 h1:tpwEMRdMf2UsplengAOnmSIRdvAxf75oUFR+blBr92I=
github.com/aws/aws-sdk-go-v2/service/sts v1.17.2/go.mod h1:bXcN3koeVYiJcdDU89n3kCYILob7Y34AeLopUbZgLT4=
github.com/aws/smithy-go v1.13.1/go.mod h1:Tg+OJXh4MB2R/uN61Ko2f6hTZwB/ZYGOtib8J3gBHzA=
github.com/aws/smithy-go v1.13.4 h1:/RN2z1txIJWeXeOkzX+Hk/4Uuvv7dWtCjbmVJcrskyk=
github.com/aws/smithy-go v1.13.4/go.mod h1:Tg+OJXh4MB2R/uN61Ko2f6hTZwB/ZYGOtib8J3gBHzA=
github.com/davecgh/go-spew v1.1.0/go.mod h1:J7Y8YcW2NihsgmVo/mv3lAwl/skON4iLHjSsI+c5H38=
github.com/davecgh/go-spew v1.1.1 h1:vj9j/u1bqnvCEfJOwUhtlOARqs3+rkHYY13jYWTU97c=
github.com/google/go-cmp v0.5.1/go.mod h1:v8dTdLbMG2kIc/vJvl+f65V22dbkXbowE6jgT/gNBxE=
github.com/google/go-cmp v0.5.8 h1:e6P7q2lk1O+qJJb4BtCQXlK8vWEO8V1ZeuEdJNOqZyg=
github.com/google/go-cmp v0.5.8/go.mod h1:17dUlkBOakJ0+DkrSSNjCkIjxS6bF9zb3elmeNGIjoY=
github.com/hashicorp/logutils v1.0.0 h1:dLEQVugN8vlakKOUE3ihGLTZJRB4j+M2cdTm/ORI65Y=
github.com/hashicorp/logutils v1.0.0/go.mod h1:QIAnNjmIWmVIIkWDTG1z5v++HQmx9WQRO+LraFDTW64=
github.com/jmespath/go-jmespath v0.4.0 h1:BEgLn5cpjn8UN1mAw4NjwDrS35OdebyEtFe+9YPoQUg=
github.com/jmespath/go-jmespath v0.4.0/go.mod h1:T8mJZnbsbmF+m6zOOFylbeCJqk5+pHWvzYPziyZiYoo=
github.com/jmespath/go-jmespath/internal/testify v1.5.1 h1:shLQSRRSCCPj3f2gpwzGwWFoC7ycTf1rcQZHOlsJ6N8=
github.com/jmespath/go-jmespath/internal/testify v1.5.1/go.mod h1:L3OGu8Wl2/fWfCI6z80xFu9LTZmf1ZRjMHUOPmWr69U=
github.com/kayac/go-config v0.6.0 h1:Y4l9tsWrUCvT1id8tbO4aT4SdGxbYqd8lqSe5l1GrK0=
github.com/kayac/go-config v0.6.0/go.mod h1:5C4ZN+sMjYpEX0bi+AcgF6g0hZYVdzZiV16TEyzAzfk=
github.com/lib/pq v1.10.6 h1:jbk+ZieJ0D7EVGJYpL9QTz7/YW6UHbmdnZWYyK5cdBs=
github.com/lib/pq v1.10.6/go.mod h1:AlVN5x4E4T544tWzH6hKfbfQvm3HdbOxrmggDNAPY9o=
github.com/mashiike/redshift-data-sql-driver v0.1.0 h1:ANVUFHt7qXvpjPUKt5b+RT3yJ2TkcOhn4rUaJMbVJr0=
github.com/mashiike/redshift-data-sql-driver v0.1.0/go.mod h1:ETccRF1+n++o8HP4eG/IrSeA+hlywV+qgF9y0oF2D1I=
github.com/pkg/errors v0.9.1 h1:FEBLx1zS214owpjy7qsBeixbURkuhQAwrK5UwLGTwt4=
github.com/pkg/errors v0.9.1/go.mod h1:bwawxfHBFNV+L2hUp1rHADufV3IMtnDRdf1r5NINEl0=
github.com/pmezard/go-difflib v1.0.0 h1:4DBwDE0NGyQoBHbLQYPwSUPoCMWR5BEzIk/f1lZbAQM=
github.com/pmezard/go-difflib v1.0.0/go.mod h1:iKH77koFhYxTK1pcRnkKkqfTogsbg7gZNVY4sRDYZ/4=
github.com/stretchr/objx v0.1.0/go.mod h1:HFkY916IF+rwdDfMAkV7OtwuqBVzrE8GR6GFx+wExME=
github.com/stretchr/testify v1.8.1 h1:w7B6lhMri9wdJUVmEZPGGhZzrYTPvgJArz7wNPgYKsk=
golang.org/x/xerrors v0.0.0-20191204190536-9bdfabe68543/go.mod h1:I/5z698sn9Ka8TeJc9MKroUUfqBBauWjQqLJ2OPfmY0=
gopkg.in/check.v1 v0.0.0-20161208181325-20d25e280405 h1:yhCVgyC4o1eVCa2tZl7eS0r+SDo693bJlVdllGtEeKM=
gopkg.in/check.v1 v0.0.0-20161208181325-20d25e280405/go.mod h1:Co6ibVJAznAaIkqp8huTwlJQCZ016jof/cbN4VW5Yz0=
gopkg.in/yaml.v2 v2.2.8/go.mod h1:hI93XBmqTisBFMUTm0b8Fm+jr3Dg1NNxqwp+5A1VGuI=
gopkg.in/yaml.v2 v2.3.0/go.mod h1:hI93XBmqTisBFMUTm0b8Fm+jr3Dg1NNxqwp+5A1VGuI=
gopkg.in/yaml.v2 v2.4.0 h1:D8xgwECY7CYvx+Y2n4sBz93Jn9JRvxdiyyo8CTfuKaY=
gopkg.in/yaml.v2 v2.4.0/go.mod h1:RDklbk79AGWmwhnvt/jBztapEOGDOx6ZbXqjP6csGnQ=
gopkg.in/yaml.v3 v3.0.1 h1:fxVm/GzAzEWqLHuvctI91KS9hhNmmWOoWu0XTYJS7CA=
